
Microsoft Visual Studio Solution File, Format Version 12.00
# Visual Studio Version 17
VisualStudioVersion = 17.3.32929.385
MinimumVisualStudioVersion = 10.0.40219.1
Project("{9A19103F-16F7-4668-BE54-9A1E7A4F7556}") = "TextRPG", "TextRPG\TextRPG.csproj", "{E0CE660E-D063-473D-8AA0-18142582D29B}"
EndProject
Global
	GlobalSection(SolutionConfigurationPlatforms) = preSolution
		Debug|Any CPU = Debug|Any CPU
		Release|Any CPU = Release|Any CPU
	EndGlobalSection
	GlobalSection(ProjectConfigurationPlatforms) = postSolution
		{E0CE660E-D063-473D-8AA0-18142582D29B}.Debug|Any CPU.ActiveCfg = Debug|Any CPU
		{E0CE660E-D063-473D-8AA0-18142582D29B}.Debug|Any CPU.Build.0 = Debug|Any CPU
		{E0CE660E-D063-473D-8AA0-18142582D29B}.Release|Any CPU.ActiveCfg = Release|Any CPU
		{E0CE660E-D063-473D-8AA0-18142582D29B}.Release|Any CPU.Build.0 = Release|Any CPU
	EndGlobalSection
	GlobalSection(SolutionProperties) = preSolution
		HideSolutionNode = FALSE
	EndGlobalSection
	GlobalSection(ExtensibilityGlobals) = postSolution
		SolutionGuid = {8E0A6B79-66E0-41CB-B5B7-12AA207EA3D2}
	EndGlobalSection
EndGlobal
